
Microsoft Visual Studio Solution File, Format Version 12.00
# Visual Studio Version 17
VisualStudioVersion = 17.3.32929.385
MinimumVisualStudioVersion = 10.0.40219.1
Project("{FAE04EC0-301F-11D3-BF4B-00C04F79EFBC}") = "Heavenly Vigil", "Heavenly Vigil\Heavenly Vigil.csproj", "{579F7E3E-3B84-42ED-B620-958D265A2482}"
EndProject
Global
	GlobalSection(SolutionConfigurationPlatforms) = preSolution
		Debug|Any CPU = Debug|Any CPU
		Release|Any CPU = Release|Any CPU
	EndGlobalSection
	GlobalSection(ProjectConfigurationPlatforms) = postSolution
		{579F7E3E-3B84-42ED-B620-958D265A2482}.Debug|Any CPU.ActiveCfg = Debug|Any CPU
		{579F7E3E-3B84-42ED-B620-958D265A2482}.Debug|Any CPU.Build.0 = Debug|Any CPU
		{579F7E3E-3B84-42ED-B620-958D265A2482}.Release|Any CPU.ActiveCfg = Release|Any CPU
		{579F7E3E-3B84-42ED-B620-958D265A2482}.Release|Any CPU.Build.0 = Release|Any CPU
	EndGlobalSection
	GlobalSection(SolutionProperties) = preSolution
		HideSolutionNode = FALSE
	EndGlobalSection
	GlobalSection(ExtensibilityGlobals) = postSolution
		SolutionGuid = {8B49BB40-A637-4AC3-9B33-61AE01AF6F8E}
	EndGlobalSection
EndGlobal
